
Microsoft Visual Studio Solution File, Format Version 12.00
# Visual Studio 15
VisualStudioVersion = 15.0.27130.2027
MinimumVisualStudioVersion = 10.0.40219.1
Project("{2150E333-8FDC-42A3-9474-1A3956D46DE8}") = "src", "src", "{5289FF54-BFF8-4C79-9C8C-7C9725332799}"
EndProject
Project("{2150E333-8FDC-42A3-9474-1A3956D46DE8}") = "test", "test", "{CE7FCC7C-F12C-4183-A79A-12E3BBD2AEC0}"
EndProject
Project("{9A19103F-16F7-4668-BE54-9A1E7A4F7556}") = "igor.restclient", "src\igor.restclient\igor.restclient.csproj", "{D0746EF6-A8A6-46C9-B86B-52643EA92559}"
EndProject
Global
	GlobalSection(SolutionConfigurationPlatforms) = preSolution
		Debug|Any CPU = Debug|Any CPU
		Release|Any CPU = Release|Any CPU
	EndGlobalSection
	GlobalSection(ProjectConfigurationPlatforms) = postSolution
		{D0746EF6-A8A6-46C9-B86B-52643EA92559}.Debug|Any CPU.ActiveCfg = Debug|Any CPU
		{D0746EF6-A8A6-46C9-B86B-52643EA92559}.Debug|Any CPU.Build.0 = Debug|Any CPU
		{D0746EF6-A8A6-46C9-B86B-52643EA92559}.Release|Any CPU.ActiveCfg = Release|Any CPU
		{D0746EF6-A8A6-46C9-B86B-52643EA92559}.Release|Any CPU.Build.0 = Release|Any CPU
	EndGlobalSection
	GlobalSection(SolutionProperties) = preSolution
		HideSolutionNode = FALSE
	EndGlobalSection
	GlobalSection(NestedProjects) = preSolution
		{D0746EF6-A8A6-46C9-B86B-52643EA92559} = {5289FF54-BFF8-4C79-9C8C-7C9725332799}
	EndGlobalSection
	GlobalSection(ExtensibilityGlobals) = postSolution
		SolutionGuid = {4E204353-5E14-4006-B022-AE92205DE065}
	EndGlobalSection
EndGlobal
